version = 1
revision = 3
requires-python = ">=3.12"

[[package]]
name = "annotated-types"
version = "0.7.0"
source = { registry = "https://pypi.org/simple" }
sdist = { url = "https://files.pythonhosted.org/packages/ee/67/531ea369ba64dcff5ec9c3402f9f51bf748cec26dde048a2f973a4eea7f5/annotated_types-0.7.0.tar.gz", hash = "sha256:aff07c09a53a08bc8cfccb9c85b05f1aa9a2a6f23728d790723543408344ce89", size = 16081, upload-time = "2024-05-20T21:33:25.928Z" }
wheels = [
    { url = "https://files.pythonhosted.org/packages/78/b6/6307fbef88d9b5ee7421e68d78a9f162e0da4900bc5f5793f6d3d0e34fb8/annotated_types-0.7.0-py3-none-any.whl", hash = "sha256:1f02e8b43a8fbbc3f3e0d4f0f4bfc8131bcb4eebe8849b8e5c773f3a1c582a53", size = 13643, upload-time = "2024-05-20T21:33:24.1Z" },
]

[[package]]
name = "colorama"
version = "0.4.6"
source = { registry = "https://pypi.org/simple" }
sdist = { url = "https://files.pythonhosted.org/packages/d8/53/6f443c9a4a8358a93a6792e2acffb9d9d5cb0a5cfd8802644b7b1c9a02e4/colorama-0.4.6.tar.gz", hash = "sha256:08695f5cb7ed6e0531a20572697297273c47b8cae5a63ffc6d6ed5c201be6e44", size = 27697, upload-time = "2022-10-25T02:36:22.414Z" }
wheels = [
    { url = "https://files.pythonhosted.org/packages/d1/d6/3965ed04c63042e047cb6a3e6ed1a63a35087b6a609aa3a15ed8ac56c221/colorama-0.4.6-py2.py3-none-any.whl", hash = "sha256:4f1d9991f5acc0ca119f9d443620b77f9d6b33703e51011c16baf57afb285fc6", size = 25335, upload-time = "2022-10-25T02:36:20.889Z" },
]

[[package]]
name = "iniconfig"
version = "2.3.0"
source = { registry = "https://pypi.org/simple" }
sdist = { url = "https://files.pythonhosted.org/packages/72/34/14ca021ce8e5dfedc35312d08ba8bf51fdd999c576889fc2c24cb97f4f10/iniconfig-2.3.0.tar.gz", hash = "sha256:c76315c77db068650d49c5b56314774a7804df16fee4402c1f19d6d15d8c4730", size = 20503, upload-time = "2025-10-18T21:55:43.219Z" }
wheels = [
    { url = "https://files.pythonhosted.org/packages/cb/b1/3846dd7f199d53cb17f49cba7e651e9ce294d8497c8c150530ed11865bb8/iniconfig-2.3.0-py3-none-any.whl", hash = "sha256:f631c04d2c48c52b84d0d0549c99ff3859c98df65b3101406327ecc7d53fbf12", size = 7484, upload-time = "2025-10-18T21:55:41.639Z" },
]

[[package]]
name = "packaging"
version = "26.2"
source = { registry = "https://pypi.org/simple" }
sdist = { url = "https://files.pythonhosted.org/packages/d7/f1/e7a6dd94a8d4a5626c03e4e99c87f241ba9e350cd9e6d75123f992427270/packaging-26.2.tar.gz", hash = "sha256:ff452ff5a3e828ce110190feff1178bb1f2ea2281fa2075aadb987c2fb221661", size = 228134, upload-time = "2026-04-24T20:15:23.917Z" }
wheels = [
    { url = "https://files.pythonhosted.org/packages/df/b2/87e62e8c3e2f4b32e5fe99e0b86d576da1312593b39f47d8ceef365e95ed/packaging-26.2-py3-none-any.whl", hash = "sha256:5fc45236b9446107ff2415ce77c807cee2862cb6fac22b8a73826d0693b0980e", size = 100195, upload-time = "2026-04-24T20:15:22.081Z" },
]

[[package]]
name = "pluggy"
version = "1.6.0"
source = { registry = "https://pypi.org/simple" }
sdist = { url = "https://files.pythonhosted.org/packages/f9/e2/3e91f31a7d2b083fe6ef3fa267035b518369d9511ffab804f839851d2779/pluggy-1.6.0.tar.gz", hash = "sha256:7dcc130b76258d33b90f61b658791dede3486c3e6bfb003ee5c9bfb396dd22f3", size = 69412, upload-time = "2025-05-15T12:30:07.975Z" }
wheels = [
    { url = "https://files.pythonhosted.org/packages/54/20/4d324d65cc6d9205fabedc306948156824eb9f0ee1633355a8f7ec5c66bf/pluggy-1.6.0-py3-none-any.whl", hash = "sha256:e920276dd6813095e9377c0bc5566d94c932c33b27a3e3945d8389c374dd4746", size = 20538, upload-time = "2025-05-15T12:30:06.134Z" },
]

[[package]]
name = "pydantic"
version = "2.7.1"
source = { registry = "https://pypi.org/simple" }
dependencies = [
    { name = "annotated-types" },
    { name = "pydantic-core" },
    { name = "typing-extensions" },
]
sdist = { url = "https://files.pythonhosted.org/packages/1f/74/0d009e056c2bd309cdc053b932d819fcb5ad3301fc3e690c097e1de3e714/pydantic-2.7.1.tar.gz", hash = "sha256:e9dbb5eada8abe4d9ae5f46b9939aead650cd2b68f249bb3a8139dbe125803cc", size = 713923, upload-time = "2024-04-23T13:38:19.654Z" }
wheels = [
    { url = "https://files.pythonhosted.org/packages/ed/76/9a17032880ed27f2dbd490c77a3431cbc80f47ba81534131de3c2846e736/pydantic-2.7.1-py3-none-any.whl", hash = "sha256:e029badca45266732a9a79898a15ae2e8b14840b1eabbb25844be28f0b33f3d5", size = 409311, upload-time = "2024-04-23T13:38:16.616Z" },
]

[[package]]
name = "pydantic-core"
version = "2.18.2"
source = { registry = "https://pypi.org/simple" }
dependencies = [
    { name = "typing-extensions" },
]
sdist = { url = "https://files.pythonhosted.org/packages/e9/23/a609c50e53959eb96393e42ae4891901f699aaad682998371348650a6651/pydantic_core-2.18.2.tar.gz", hash = "sha256:2e29d20810dfc3043ee13ac7d9e25105799817683348823f305ab3f349b9386e", size = 383446, upload-time = "2024-04-22T19:06:42.097Z" }
wheels = [
    { url = "https://files.pythonhosted.org/packages/15/b1/e6edfe46402a5b415fc3de86aa64fb10009b323907f8d513175bfb839aa9/pydantic_core-2.18.2-cp312-cp312-macosx_10_12_x86_64.whl", hash = "sha256:fb2bd7be70c0fe4dfd32c951bc813d9fe6ebcbfdd15a07527796c8204bd36242", size = 1857389, upload-time = "2024-04-22T19:04:43.261Z" },
    { url = "https://files.pythonhosted.org/packages/30/49/397da3f6910d62f092684a50bcaba2566825c6eee27a743846583a01fadf/pydantic_core-2.18.2-cp312-cp312-macosx_11_0_arm64.whl", hash = "sha256:6132dd3bd52838acddca05a72aafb6eab6536aa145e923bb50f45e78b7251043", size = 1770630, upload-time = "2024-04-22T19:04:45.627Z" },
    { url = "https://files.pythonhosted.org/packages/6d/e0/1d65ae0cab571cf072b23a44bb3a4f0b4d45572e2157bce9f073e703e30b/pydantic_core-2.18.2-cp312-cp312-manylinux_2_17_aarch64.manylinux2014_aarch64.whl", hash = "sha256:d7d904828195733c183d20a54230c0df0eb46ec746ea1a666730787353e87182", size = 1816322, upload-time = "2024-04-22T19:04:47.357Z" },
    { url = "https://files.pythonhosted.org/packages/c6/79/a9bde518a69b983adab265a1a3fbe26392b50854b1cf3f8ad030b28972c4/pydantic_core-2.18.2-cp312-cp312-manylinux_2_17_armv7l.manylinux2014_armv7l.whl", hash = "sha256:c9bd70772c720142be1020eac55f8143a34ec9f82d75a8e7a07852023e46617f", size = 1797646, upload-time = "2024-04-22T19:04:49.159Z" },
    { url = "https://files.pythonhosted.org/packages/5d/c0/28331aab3be69f407a95b629be253b57c3df492ea1dd1c53dce9796d10c1/pydantic_core-2.18.2-cp312-cp312-manylinux_2_17_ppc64le.manylinux2014_ppc64le.whl", hash = "sha256:2b8ed04b3582771764538f7ee7001b02e1170223cf9b75dff0bc698fadb00cf3", size = 2020413, upload-time = "2024-04-22T19:04:50.895Z" },
    { url = "https://files.pythonhosted.org/packages/11/4e/e06605ce50035dd9bf107dda3d514e4b1ba82a5551ef57a15e73e47d9053/pydantic_core-2.18.2-cp312-cp312-manylinux_2_17_s390x.manylinux2014_s390x.whl", hash = "sha256:e6dac87ddb34aaec85f873d737e9d06a3555a1cc1a8e0c44b7f8d5daeb89d86f", size = 2884072, upload-time = "2024-04-22T19:04:52.884Z" },
    { url = "https://files.pythonhosted.org/packages/a1/c9/7d61469af6386e5846b5864bb93dc770979968c113863f923916c1a8bca2/pydantic_core-2.18.2-cp312-cp312-manylinux_2_17_x86_64.manylinux2014_x86_64.whl", hash = "sha256:7ca4ae5a27ad7a4ee5170aebce1574b375de390bc01284f87b18d43a3984df72", size = 2082895, upload-time = "2024-04-22T19:04:55.551Z" },
    { url = "https://files.pythonhosted.org/packages/af/b2/dff1a30e6c7eae5e12ed90fc790733cda91d5d9d8da86db59c41359049d5/pydantic_core-2.18.2-cp312-cp312-manylinux_2_5_i686.manylinux1_i686.whl", hash = "sha256:886eec03591b7cf058467a70a87733b35f44707bd86cf64a615584fd72488b7c", size = 1931326, upload-time = "2024-04-22T19:04:57.188Z" },
    { url = "https://files.pythonhosted.org/packages/0e/b9/28dc15be5a828708612cc429354609b456719f70180af9c66d7617bbac60/pydantic_core-2.18.2-cp312-cp312-musllinux_1_1_aarch64.whl", hash = "sha256:ca7b0c1f1c983e064caa85f3792dd2fe3526b3505378874afa84baf662e12241", size = 1993024, upload-time = "2024-04-22T19:04:59.689Z" },
    { url = "https://files.pythonhosted.org/packages/d4/8f/51b3cb36a4d2f1ed5d72f3ea329bab203db234fff056414b76950f353984/pydantic_core-2.18.2-cp312-cp312-musllinux_1_1_x86_64.whl", hash = "sha256:4b4356d3538c3649337df4074e81b85f0616b79731fe22dd11b99499b2ebbdf3", size = 2129503, upload-time = "2024-04-22T19:05:02.792Z" },
    { url = "https://files.pythonhosted.org/packages/7e/47/2e8b7d24fa69e82e3b6cd74776c36f88f0fadf63e1c777fc4385db2bc63a/pydantic_core-2.18.2-cp312-none-win32.whl", hash = "sha256:8b172601454f2d7701121bbec3425dd71efcb787a027edf49724c9cefc14c038", size = 1748771, upload-time = "2024-04-22T19:05:05.556Z" },
    { url = "https://files.pythonhosted.org/packages/e4/49/f29028068b5cb364ad066a58490dd26fd1d4ba2943d829eb0f85dbc8ab06/pydantic_core-2.18.2-cp312-none-win_amd64.whl", hash = "sha256:b1bd7e47b1558ea872bd16c8502c414f9e90dcf12f1395129d7bb42a09a95438", size = 1916735, upload-time = "2024-04-22T19:05:07.685Z" },
    { url = "https://files.pythonhosted.org/packages/ac/32/d288f59ef7af445bac9a9281936f1d65999568d654b24a837d14ae01cefa/pydantic_core-2.18.2-cp312-none-win_arm64.whl", hash = "sha256:98758d627ff397e752bc339272c14c98199c613f922d4a384ddc07526c86a2ec", size = 1814428, upload-time = "2024-04-22T19:05:09.785Z" },
]

[[package]]
name = "pydantic-settings"
version = "2.3.2"
source = { registry = "https://pypi.org/simple" }
dependencies = [
    { name = "pydantic" },
    { name = "python-dotenv" },
]
sdist = { url = "https://files.pythonhosted.org/packages/a0/5c/e0ac7fcec7983d1d395ad7996aee584afa0a92617a507da4b7dfa58e33da/pydantic_settings-2.3.2.tar.gz", hash = "sha256:05d33003c74c2cd585de97b59eb17b6ed67181bc8a3ce594d74b5d24e4df7323", size = 57598, upload-time = "2024-06-11T13:58:08.488Z" }
wheels = [
    { url = "https://files.pythonhosted.org/packages/0d/e2/61cdecf41f6f24cb848ef170be16c51d435e77b02c059b6a4e14918e65f6/pydantic_settings-2.3.2-py3-none-any.whl", hash = "sha256:ae06e44349e4c7bff8d57aff415dfd397ae75c217a098d54e9e6990ad7594ac7", size = 21729, upload-time = "2024-06-11T13:58:06.783Z" },
]

[[package]]
name = "pytest"
version = "8.2.0"
source = { registry = "https://pypi.org/simple" }
dependencies = [
    { name = "colorama", marker = "sys_platform == 'win32'" },
    { name = "iniconfig" },
    { name = "packaging" },
    { name = "pluggy" },
]
sdist = { url = "https://files.pythonhosted.org/packages/09/9d/78b3785134306efe9329f40815af45b9215068d6ae4747ec0bc91ff1f4aa/pytest-8.2.0.tar.gz", hash = "sha256:d507d4482197eac0ba2bae2e9babf0672eb333017bcedaa5fb1a3d42c1174b3f", size = 1422883, upload-time = "2024-04-27T23:34:55.027Z" }
wheels = [
    { url = "https://files.pythonhosted.org/packages/c4/43/6b1debd95ecdf001bc46789a933f658da3f9738c65f32db3f4e8f2a4ca97/pytest-8.2.0-py3-none-any.whl", hash = "sha256:1733f0620f6cda4095bbf0d9ff8022486e91892245bb9e7d5542c018f612f233", size = 339229, upload-time = "2024-04-27T23:34:52.413Z" },
]

[[package]]
name = "python-dotenv"
version = "1.2.2"
source = { registry = "https://pypi.org/simple" }
sdist = { url = "https://files.pythonhosted.org/packages/82/ed/0301aeeac3e5353ef3d94b6ec08bbcabd04a72018415dcb29e588514bba8/python_dotenv-1.2.2.tar.gz", hash = "sha256:2c371a91fbd7ba082c2c1dc1f8bf89ca22564a087c2c287cd9b662adde799cf3", size = 50135, upload-time = "2026-03-01T16:00:26.196Z" }
wheels = [
    { url = "https://files.pythonhosted.org/packages/0b/d7/1959b9648791274998a9c3526f6d0ec8fd2233e4d4acce81bbae76b44b2a/python_dotenv-1.2.2-py3-none-any.whl", hash = "sha256:1d8214789a24de455a8b8bd8ae6fe3c6b69a5e3d64aa8a8e5d68e694bbcb285a", size = 22101, upload-time = "2026-03-01T16:00:25.09Z" },
]

[[package]]
name = "redis"
version = "5.0.1"
source = { registry = "https://pypi.org/simple" }
sdist = { url = "https://files.pythonhosted.org/packages/4a/4c/3c3b766f4ecbb3f0bec91ef342ee98d179e040c25b6ecc99e510c2570f2a/redis-5.0.1.tar.gz", hash = "sha256:0dab495cd5753069d3bc650a0dde8a8f9edde16fc5691b689a566eda58100d0f", size = 4578353, upload-time = "2023-09-26T06:51:17.945Z" }
wheels = [
    { url = "https://files.pythonhosted.org/packages/0b/34/a01250ac1fc9bf9161e07956d2d580413106ce02d5591470130a25c599e3/redis-5.0.1-py3-none-any.whl", hash = "sha256:ed4802971884ae19d640775ba3b03aa2e7bd5e8fb8dfaed2decce4d0fc48391f", size = 250272, upload-time = "2023-09-26T06:51:15.745Z" },
]

[[package]]
name = "ruff"
version = "0.4.4"
source = { registry = "https://pypi.org/simple" }
sdist = { url = "https://files.pythonhosted.org/packages/2f/2f/1e91c17c5223a37992a9302af69056966657d23f945e07039319fe006f82/ruff-0.4.4.tar.gz", hash = "sha256:f87ea42d5cdebdc6a69761a9d0bc83ae9b3b30d0ad78952005ba6568d6c022af", size = 2502630, upload-time = "2024-05-09T17:13:23.472Z" }
wheels = [
    { url = "https://files.pythonhosted.org/packages/01/6e/d4d59a457b6633b4a2b08b2efb61323299b3ad3889ce604e1e8c2d278027/ruff-0.4.4-py3-none-macosx_10_12_x86_64.whl", hash = "sha256:29d44ef5bb6a08e235c8249294fa8d431adc1426bfda99ed493119e6f9ea1bf6", size = 8429772, upload-time = "2024-05-09T17:12:23.219Z" },
    { url = "https://files.pythonhosted.org/packages/5e/04/6388dcb969cc69b365e2d024c0180a1462ce1be385b76ac126fe1bafa680/ruff-0.4.4-py3-none-macosx_11_0_arm64.whl", hash = "sha256:c4efe62b5bbb24178c950732ddd40712b878a9b96b1d02b0ff0b08a090cbd891", size = 8047765, upload-time = "2024-05-09T17:12:29.537Z" },
    { url = "https://files.pythonhosted.org/packages/ae/b8/34d5e2560d89cb43b3e27b12b11545a7557b7363cb7e8cbfdb0dac916bb3/ruff-0.4.4-py3-none-manylinux_2_17_aarch64.manylinux2014_aarch64.whl", hash = "sha256:4c8e2f1e8fc12d07ab521a9005d68a969e167b589cbcaee354cb61e9d9de9c15", size = 8080084, upload-time = "2024-05-09T17:12:32.823Z" },
    { url = "https://files.pythonhosted.org/packages/18/ee/4b7d6a7ef3ee6f67d60de67172791e8f334abd9f85a319fea9412343d0ec/ruff-0.4.4-py3-none-manylinux_2_17_armv7l.manylinux2014_armv7l.whl", hash = "sha256:60ed88b636a463214905c002fa3eaab19795679ed55529f91e488db3fe8976ab", size = 7486437, upload-time = "2024-05-09T17:12:36.335Z" },
    { url = "https://files.pythonhosted.org/packages/b2/fc/c70845aa31a7971b838b5dfa07c5df461927148d84148e9a8e59482b418d/ruff-0.4.4-py3-none-manylinux_2_17_i686.manylinux2014_i686.whl", hash = "sha256:b90fc5e170fc71c712cc4d9ab0e24ea505c6a9e4ebf346787a67e691dfb72e85", size = 8662910, upload-time = "2024-05-09T17:12:39.916Z" },
    { url = "https://files.pythonhosted.org/packages/ef/6d/0d3f7632f86f09dde0429872835d592151e22d4584ea6a5cfb8f0ade1394/ruff-0.4.4-py3-none-manylinux_2_17_ppc64.manylinux2014_ppc64.whl", hash = "sha256:8e7e6ebc10ef16dcdc77fd5557ee60647512b400e4a60bdc4849468f076f6eef", size = 9336978, upload-time = "2024-05-09T17:12:43.06Z" },
    { url = "https://files.pythonhosted.org/packages/da/9f/9203470e3e30a088446a29ccadf81cffaf603cade8f4230f62da5658b292/ruff-0.4.4-py3-none-manylinux_2_17_ppc64le.manylinux2014_ppc64le.whl", hash = "sha256:b9ddb2c494fb79fc208cd15ffe08f32b7682519e067413dbaf5f4b01a6087bcd", size = 8934555, upload-time = "2024-05-09T17:12:47.246Z" },
    { url = "https://files.pythonhosted.org/packages/30/d5/5e22d68e5f79e63ea23322bca5b04aad94d03e6dcf23f8de5a472707b500/ruff-0.4.4-py3-none-manylinux_2_17_s390x.manylinux2014_s390x.whl", hash = "sha256:c51c928a14f9f0a871082603e25a1588059b7e08a920f2f9fa7157b5bf08cfe9", size = 10084487, upload-time = "2024-05-09T17:12:51.393Z" },
    { url = "https://files.pythonhosted.org/packages/fa/13/dd0ff7a488ace95676486c9d4d0202fc15d64a6491748e2ce8876df87870/ruff-0.4.4-py3-none-manylinux_2_17_x86_64.manylinux2014_x86_64.whl", hash = "sha256:b5eb0a4bfd6400b7d07c09a7725e1a98c3b838be557fee229ac0f84d9aa49c36", size = 8681881, upload-time = "2024-05-09T17:12:54.923Z" },
    { url = "https://files.pythonhosted.org/packages/78/a4/ad40ffae25ed3bbe6d835243383061fe59910fe0b8b969f69bf8adfbfa6e/ruff-0.4.4-py3-none-musllinux_1_2_aarch64.whl", hash = "sha256:b1867ee9bf3acc21778dcb293db504692eda5f7a11a6e6cc40890182a9f9e595", size = 7991720, upload-time = "2024-05-09T17:12:58.728Z" },
    { url = "https://files.pythonhosted.org/packages/ea/85/e1bdcdc531a965af551b82233e9ceb12af9661144c9e548693e8b0eba902/ruff-0.4.4-py3-none-musllinux_1_2_armv7l.whl", hash = "sha256:1aecced1269481ef2894cc495647392a34b0bf3e28ff53ed95a385b13aa45768", size = 7471686, upload-time = "2024-05-09T17:13:01.878Z" },
    { url = "https://files.pythonhosted.org/packages/42/87/835d1bdb908a9c4ce56956cf0b08aa0cabe3a1de94294293f4420abd0ac7/ruff-0.4.4-py3-none-musllinux_1_2_i686.whl", hash = "sha256:9da73eb616b3241a307b837f32756dc20a0b07e2bcb694fec73699c93d04a69e", size = 8247728, upload-time = "2024-05-09T17:13:05.823Z" },
    { url = "https://files.pythonhosted.org/packages/58/f8/30969d9268d7435761431c002d29bd4e742ff47e9ffea56d4c6737c4accf/ruff-0.4.4-py3-none-musllinux_1_2_x86_64.whl", hash = "sha256:958b4ea5589706a81065e2a776237de2ecc3e763342e5cc8e02a4a4d8a5e6f95", size = 8736273, upload-time = "2024-05-09T17:13:09.787Z" },
    { url = "https://files.pythonhosted.org/packages/de/cf/17c4b513aad66eca29be135b5446197ff72baebbae6868552545d809b3df/ruff-0.4.4-py3-none-win32.whl", hash = "sha256:cb53473849f011bca6e754f2cdf47cafc9c4f4ff4570003a0dad0b9b6890e876", size = 7637156, upload-time = "2024-05-09T17:13:13.886Z" },
    { url = "https://files.pythonhosted.org/packages/79/00/2470956ed833488a8fe4dd245782022686ba20579f63b5b968b90dc71d45/ruff-0.4.4-py3-none-win_amd64.whl", hash = "sha256:424e5b72597482543b684c11def82669cc6b395aa8cc69acc1858b5ef3e5daae", size = 8424014, upload-time = "2024-05-09T17:13:17.164Z" },
    { url = "https://files.pythonhosted.org/packages/60/39/c554b9f2af7788c63c2ca872bedec26e7a60771215fe75a997927cf22657/ruff-0.4.4-py3-none-win_arm64.whl", hash = "sha256:39df0537b47d3b597293edbb95baf54ff5b49589eb7ff41926d8243caa995ea6", size = 7819582, upload-time = "2024-05-09T17:13:20.438Z" },
]

[[package]]
name = "scapy"
version = "2.5.0"
source = { registry = "https://pypi.org/simple" }
sdist = { url = "https://files.pythonhosted.org/packages/67/a1/2a60d5b6f0fed297dd0c0311c887d5e8a30ba1250506585b897e5a662f4c/scapy-2.5.0.tar.gz", hash = "sha256:5b260c2b754fd8d409ba83ee7aee294ecdbb2c235f9f78fe90bc11cb6e5debc2", size = 1279162, upload-time = "2022-12-25T10:28:19.889Z" }

[[package]]
name = "security-sniffer"
version = "0.1.0"
source = { editable = "." }
dependencies = [
    { name = "pydantic" },
    { name = "pydantic-settings" },
    { name = "redis" },
    { name = "scapy" },
]

[package.dev-dependencies]
dev = [
    { name = "pytest" },
    { name = "ruff" },
]

[package.metadata]
requires-dist = [
    { name = "pydantic", specifier = "==2.7.1" },
    { name = "pydantic-settings", specifier = "==2.3.2" },
    { name = "redis", specifier = "==5.0.1" },
    { name = "scapy", specifier = "==2.5.0" },
]

[package.metadata.requires-dev]
dev = [
    { name = "pytest", specifier = "==8.2.0" },
    { name = "ruff", specifier = "==0.4.4" },
]

[[package]]
name = "typing-extensions"
version = "4.15.0"
source = { registry = "https://pypi.org/simple" }
sdist = { url = "https://files.pythonhosted.org/packages/72/94/1a15dd82efb362ac84269196e94cf00f187f7ed21c242792a923cdb1c61f/typing_extensions-4.15.0.tar.gz", hash = "sha256:0cea48d173cc12fa28ecabc3b837ea3cf6f38c6d1136f85cbaaf598984861466", size = 109391, upload-time = "2025-08-25T13:49:26.313Z" }
wheels = [
    { url = "https://files.pythonhosted.org/packages/18/67/36e9267722cc04a6b9f15c7f3441c2363321a3ea07da7ae0c0707beb2a9c/typing_extensions-4.15.0-py3-none-any.whl", hash = "sha256:f0fa19c6845758ab08074a0cfa8b7aecb71c999ca73d62883bc25cc018c4e548", size = 44614, upload-time = "2025-08-25T13:49:24.86Z" },
]
